
Microsoft Visual Studio Solution File, Format Version 12.00
# Visual Studio Version 16
VisualStudioVersion = 16.0.29709.97
MinimumVisualStudioVersion = 10.0.40219.1
Project("{9A19103F-16F7-4668-BE54-9A1E7A4F7556}") = "FYP_ExchangeRate", "RP_ExchangeRate\FYP_ExchangeRate.csproj", "{45550BCE-3C8C-45F6-93E9-1CA181803549}"
EndProject
Project("{9A19103F-16F7-4668-BE54-9A1E7A4F7556}") = "RP_ExchangeRateDataLayer", "RP_Services\RP_ExchangeRateDataLayer.csproj", "{5822A57F-DB82-4A12-9805-B1B890EF5B23}"
EndProject
Global
	GlobalSection(SolutionConfigurationPlatforms) = preSolution
		Debug|Any CPU = Debug|Any CPU
		Release|Any CPU = Release|Any CPU
	EndGlobalSection
	GlobalSection(ProjectConfigurationPlatforms) = postSolution
		{45550BCE-3C8C-45F6-93E9-1CA181803549}.Debug|Any CPU.ActiveCfg = Debug|Any CPU
		{45550BCE-3C8C-45F6-93E9-1CA181803549}.Debug|Any CPU.Build.0 = Debug|Any CPU
		{45550BCE-3C8C-45F6-93E9-1CA181803549}.Release|Any CPU.ActiveCfg = Release|Any CPU
		{45550BCE-3C8C-45F6-93E9-1CA181803549}.Release|Any CPU.Build.0 = Release|Any CPU
		{5822A57F-DB82-4A12-9805-B1B890EF5B23}.Debug|Any CPU.ActiveCfg = Debug|Any CPU
		{5822A57F-DB82-4A12-9805-B1B890EF5B23}.Debug|Any CPU.Build.0 = Debug|Any CPU
		{5822A57F-DB82-4A12-9805-B1B890EF5B23}.Release|Any CPU.ActiveCfg = Release|Any CPU
		{5822A57F-DB82-4A12-9805-B1B890EF5B23}.Release|Any CPU.Build.0 = Release|Any CPU
	EndGlobalSection
	GlobalSection(SolutionProperties) = preSolution
		HideSolutionNode = FALSE
	EndGlobalSection
	GlobalSection(ExtensibilityGlobals) = postSolution
		SolutionGuid = {3B36B431-E6AA-4C46-9265-BFBC25152443}
	EndGlobalSection
EndGlobal
